
Microsoft Visual Studio Solution File, Format Version 12.00
# Visual Studio Version 17
VisualStudioVersion = 17.11.35312.102
MinimumVisualStudioVersion = 10.0.40219.1
Project("{9A19103F-16F7-4668-BE54-9A1E7A4F7556}") = "SchoolAdministrationSystem", "SchoolAdministrationSystem.csproj", "{A220760A-2A29-4FE0-9260-8DBCEDA5D376}"
EndProject
Project("{FAE04EC0-301F-11D3-BF4B-00C04F79EFBC}") = "SchoolAdministrationSystem.Tests", "..\SchoolAdministrationSystem.Tests\SchoolAdministrationSystem.Tests.csproj", "{15E8B415-A517-42C6-B3D4-83C697736CED}"
EndProject
Global
	GlobalSection(SolutionConfigurationPlatforms) = preSolution
		Debug|Any CPU = Debug|Any CPU
		Release|Any CPU = Release|Any CPU
	EndGlobalSection
	GlobalSection(ProjectConfigurationPlatforms) = postSolution
		{A220760A-2A29-4FE0-9260-8DBCEDA5D376}.Debug|Any CPU.ActiveCfg = Debug|Any CPU
		{A220760A-2A29-4FE0-9260-8DBCEDA5D376}.Debug|Any CPU.Build.0 = Debug|Any CPU
		{A220760A-2A29-4FE0-9260-8DBCEDA5D376}.Release|Any CPU.ActiveCfg = Release|Any CPU
		{A220760A-2A29-4FE0-9260-8DBCEDA5D376}.Release|Any CPU.Build.0 = Release|Any CPU
		{15E8B415-A517-42C6-B3D4-83C697736CED}.Debug|Any CPU.ActiveCfg = Debug|Any CPU
		{15E8B415-A517-42C6-B3D4-83C697736CED}.Debug|Any CPU.Build.0 = Debug|Any CPU
		{15E8B415-A517-42C6-B3D4-83C697736CED}.Release|Any CPU.ActiveCfg = Release|Any CPU
		{15E8B415-A517-42C6-B3D4-83C697736CED}.Release|Any CPU.Build.0 = Release|Any CPU
	EndGlobalSection
	GlobalSection(SolutionProperties) = preSolution
		HideSolutionNode = FALSE
	EndGlobalSection
	GlobalSection(ExtensibilityGlobals) = postSolution
		SolutionGuid = {AB3CE0CE-4709-47D6-9467-E8354F167258}
	EndGlobalSection
EndGlobal
